{
    "_meta": {
        "hash": {
            "sha256": "4b02f08d312ff77e4a5655209bab588776fa4f2e603fe1e71516d9bc51e5e502"
        },
        "pipfile-spec": 6,
        "requires": {
            "python_version": "3.12"
        },
        "sources": [
            {
                "name": "pypi",
                "url": "https://pypi.org/simple",
                "verify_ssl": true
            }
        ]
    },
    "default": {
        "deprecation": {
            "hashes": [
                "sha256:72b3bde64e5d778694b0cf68178aed03d15e15477116add3fb773e581f9518ff",
                "sha256:a10811591210e1fb0e768a8c25517cabeabcba6f0bf96564f8ff45189f90b14a"
            ],
            "index": "pypi",
            "version": "==2.1.0"
        },
        "duckdb": {
            "hashes": [
                "sha256:097aa9b6d5c9f5d3ed8c35b16020a67731d04befc35f6b89ccb5db9d5f1489c4",
                "sha256:0ac172788e3d8e410e009e3699016a4d7f17b4c7cde20f98856fca1fea79d247",
                "sha256:0d14d00560832592cbac2817847b649bd1d573f125d064518afb6eec5b02e15a",
                "sha256:0d5b6daa9bb54a635e371798994caa08f26d2f145ebcbc989e16b0a0104e84fb",
                "sha256:11c0bf253c96079c6139e8a0880300d80f4dc9f21a8c5c239d2ebc060b227d46",
                "sha256:13d81752763f14203a53981f32bd09731900eb6fda4048fbc532eae5e7bf30e5",
                "sha256:1ace20383fb0ba06229e060a6bb0bcfd48a4582a02e43f05991720504508eb59",
                "sha256:1f786b4402b9c31461ea0520d919e2166df4f9e6e21fd3c7bb0035fa985b5dfe",
                "sha256:21858225b8a5c5dead128f62e4e88facdcbfdce098e18cbcd86a6cd8f48fb2b3",
                "sha256:28857b0d595c229827cc3631ae9b74ff52d11614435aa715e09d8629d2e1b609",
                "sha256:2e6e01e2499e07873b09316bf4d6808f712c57034fa24c255565c4f92386e8e3",
                "sha256:30aa9dbbfc1f9607249fc148af9e6d6fd253fdc2f4c9924d4957d6a535558b4f",
                "sha256:32e52c6e939a4bada220803e6bde6fc0ce870da5662a33cabdd3be14824183a6",
                "sha256:33f99c2e9e4060464673912312b4ec91060d66638756592c9484c62824ff4e85",
                "sha256:343795d13ec3d8cd06c250225a05fd3c348c3ed49cccdde01addd46cb50f3559",
                "sha256:40dd55ea9c31abc69e5a8299f16c877e0b1950fd9a311c117efb4dd3c0dc8458",
                "sha256:48d84577216010ee407913bad9dc47af4cbc65e479c91e130f7bd909a32caefe",
                "sha256:525efad4e6caff80d0f6a51d466470839146e3880da36d4544fee7ff842e7e20",
                "sha256:52af2a078340b2e1b57958477ebc1be07786d3ad5796777e87d4f453e0477b4c",
                "sha256:5aad3e085c33253c689205b5ea3c5d9d54117c1249276c90d495cb85d9adce76",
                "sha256:5c3b3a18a58eebabb426beafc2f7da01d59805d660fc909e5e143b6db04d881a",
                "sha256:5c563b565ea68cfebe9c4078646503b3d38930218f9c3c278277d58952873771",
                "sha256:67d2996c3372a0f7d8f41f1c49e00ecdb26f83cdd9132b76730224ad68b1f1e3",
                "sha256:698a8d1d48b150d344d8aa6dbc30a22ea30fb14ff2b15c90004fc9fcb0b3a3e9",
                "sha256:6c68b1ef88b8cce185381ec69f437d20059c30623375bab41ac07a1104acdb57",
                "sha256:6d85645136fc25026978b5db81869e8a120cfb60e1645a29a0f6dd155be9e59e",
                "sha256:6e2e10582db74b99051e718279c1be204c98a63a5b6aa4e09226b7249e414146",
                "sha256:6e65f00294c3b8576ae651e91e732ea1cefc4aada89c307fb02f49231fd11e1f",
                "sha256:7791a0aa2cea972a612d31d4a289c81c5d00181328ed4f7642907f68f8b1fb9f",
                "sha256:7fb98dbbdbf8048b07223dc6e7401333bb4e83681dde4cded2d239051ea102b5",
                "sha256:88cdc0c2501dd7a65b1df2a76d7624b93d9b6d27febd2ee80b7e5643a0b40bcb",
                "sha256:8bf46d55685906729998eca70ee751934e0425d86863148e658277526c54282e",
                "sha256:910be5005de7427c5231a7200027e0adb951e048c612b895340effcd3e660d5a",
                "sha256:af8382280f24273a535e08b80e9383ad739c66e22855ce68716dfbaeaf8910b9",
                "sha256:b025afa30fcdcede094386e7c519e6964d26de5ad95f4e04a2a0a713676d4465",
                "sha256:b3c52b08c773e52484542300339ebf295e3c9b12d5d7d49b2567e252c16205a7",
                "sha256:b450aa2b3e0eb1fc0f7ad276bd1e4a5a03b1a4def6c45366af17557de2cafbdf",
                "sha256:b5a14a80ad09d65c270d16761b04ea6b074811cdfde6b5e4db1a8b0184125d1b",
                "sha256:bce024b69bae426b0739c470803f7b44261bdc0c0700ea7c41dff5f2d70ca4f3",
                "sha256:d6a88358d86a8ce689fdd4136514aebedf958e910361156a0bb0e53dc3c55f7d",
                "sha256:d7c1b3538bb9c2b49f48b26f092444525b22186efa4e77ba070603ed4a348a66",
                "sha256:dcc60833bb1a1fb2c33b052cf793fef48f681c565d982acff6ac7a86369794da",
                "sha256:f566f615278844ea240c9a3497c0ef201331628f78e0f9f4d64f72f82210e750",
                "sha256:f754c20d3b963574da58b0d22029681b79c63f2e32060f10b687f41b7bba54d7",
                "sha256:f90738310a76bd1618acbc7345175582d36b6907cb0ed07841a3d800dea189d6",
                "sha256:fa08173f68e678793dfe6aab6490ac753204ca7935beb8dbde778dbe593552d8",
                "sha256:fdbe4173729043b2fd949be83135b035820bb2faf64648500563b16f3f6f02ee"
            ],
            "index": "pypi",
            "markers": "python_full_version >= '3.7.0'",
            "version": "==0.10.1"
        },
        "geographiclib": {
            "hashes": [
                "sha256:6b7225248e45ff7edcee32becc4e0a1504c606ac5ee163a5656d482e0cd38734",
                "sha256:f7f41c85dc3e1c2d3d935ec86660dc3b2c848c83e17f9a9e51ba9d5146a15859"
            ],
            "index": "pypi",
            "markers": "python_version >= '3.7'",
            "version": "==2.0"
        },
        "geopy": {
            "hashes": [
                "sha256:50283d8e7ad07d89be5cb027338c6365a32044df3ae2556ad3f52f4840b3d0d1",
                "sha256:ae8b4bc5c1131820f4d75fce9d4aaaca0c85189b3aa5d64c3dcaf5e3b7b882a7"
            ],
            "index": "pypi",
            "markers": "python_version >= '3.7'",
            "version": "==2.4.1"
        },
        "jinja2": {
            "hashes": [
                "sha256:7d6d50dd97d52cbc355597bd845fabfbac3f551e1f99619e39a35ce8c370b5fa",
                "sha256:ac8bd6544d4bb2c9792bf3a159e80bba8fda7f07e81bc3aed565432d5925ba90"
            ],
            "markers": "python_version >= '3.7'",
            "version": "==3.1.3"
        },
        "markupsafe": {
            "hashes": [
                "sha256:00e046b6dd71aa03a41079792f8473dc494d564611a8f89bbbd7cb93295ebdcf",
                "sha256:075202fa5b72c86ad32dc7d0b56024ebdbcf2048c0ba09f1cde31bfdd57bcfff",
                "sha256:0e397ac966fdf721b2c528cf028494e86172b4feba51d65f81ffd65c63798f3f",
                "sha256:17b950fccb810b3293638215058e432159d2b71005c74371d784862b7e4683f3",
                "sha256:1f3fbcb7ef1f16e48246f704ab79d79da8a46891e2da03f8783a5b6fa41a9532",
                "sha256:2174c595a0d73a3080ca3257b40096db99799265e1c27cc5a610743acd86d62f",
                "sha256:2b7c57a4dfc4f16f7142221afe5ba4e093e09e728ca65c51f5620c9aaeb9a617",
                "sha256:2d2d793e36e230fd32babe143b04cec8a8b3eb8a3122d2aceb4a371e6b09b8df",
                "sha256:30b600cf0a7ac9234b2638fbc0fb6158ba5bdcdf46aeb631ead21248b9affbc4",
                "sha256:397081c1a0bfb5124355710fe79478cdbeb39626492b15d399526ae53422b906",
                "sha256:3a57fdd7ce31c7ff06cdfbf31dafa96cc533c21e443d57f5b1ecc6cdc668ec7f",
                "sha256:3c6b973f22eb18a789b1460b4b91bf04ae3f0c4234a0a6aa6b0a92f6f7b951d4",
                "sha256:3e53af139f8579a6d5f7b76549125f0d94d7e630761a2111bc431fd820e163b8",
                "sha256:4096e9de5c6fdf43fb4f04c26fb114f61ef0bf2e5604b6ee3019d51b69e8c371",
                "sha256:4275d846e41ecefa46e2015117a9f491e57a71ddd59bbead77e904dc02b1bed2",
                "sha256:4c31f53cdae6ecfa91a77820e8b151dba54ab528ba65dfd235c80b086d68a465",
                "sha256:4f11aa001c540f62c6166c7726f71f7573b52c68c31f014c25cc7901deea0b52",
                "sha256:5049256f536511ee3f7e1b3f87d1d1209d327e818e6ae1365e8653d7e3abb6a6",
                "sha256:58c98fee265677f63a4385256a6d7683ab1832f3ddd1e66fe948d5880c21a169",
                "sha256:598e3276b64aff0e7b3451b72e94fa3c238d452e7ddcd893c3ab324717456bad",
                "sha256:5b7b716f97b52c5a14bffdf688f971b2d5ef4029127f1ad7a513973cfd818df2",
                "sha256:5dedb4db619ba5a2787a94d877bc8ffc0566f92a01c0ef214865e54ecc9ee5e0",
                "sha256:619bc166c4f2de5caa5a633b8b7326fbe98e0ccbfacabd87268a2b15ff73a029",
                "sha256:629ddd2ca402ae6dbedfceeba9c46d5f7b2a61d9749597d4307f943ef198fc1f",
                "sha256:656f7526c69fac7f600bd1f400991cc282b417d17539a1b228617081106feb4a",
                "sha256:6ec585f69cec0aa07d945b20805be741395e28ac1627333b1c5b0105962ffced",
                "sha256:72b6be590cc35924b02c78ef34b467da4ba07e4e0f0454a2c5907f473fc50ce5",
                "sha256:7502934a33b54030eaf1194c21c692a534196063db72176b0c4028e140f8f32c",
                "sha256:7a68b554d356a91cce1236aa7682dc01df0edba8d043fd1ce607c49dd3c1edcf",
                "sha256:7b2e5a267c855eea6b4283940daa6e88a285f5f2a67f2220203786dfa59b37e9",
                "sha256:823b65d8706e32ad2df51ed89496147a42a2a6e01c13cfb6ffb8b1e92bc910bb",
                "sha256:8590b4ae07a35970728874632fed7bd57b26b0102df2d2b233b6d9d82f6c62ad",
                "sha256:8dd717634f5a044f860435c1d8c16a270ddf0ef8588d4887037c5028b859b0c3",
                "sha256:8dec4936e9c3100156f8a2dc89c4b88d5c435175ff03413b443469c7c8c5f4d1",
                "sha256:97cafb1f3cbcd3fd2b6fbfb99ae11cdb14deea0736fc2b0952ee177f2b813a46",
                "sha256:a17a92de5231666cfbe003f0e4b9b3a7ae3afb1ec2845aadc2bacc93ff85febc",
                "sha256:a549b9c31bec33820e885335b451286e2969a2d9e24879f83fe904a5ce59d70a",
                "sha256:ac07bad82163452a6884fe8fa0963fb98c2346ba78d779ec06bd7a6262132aee",
                "sha256:ae2ad8ae6ebee9d2d94b17fb62763125f3f374c25618198f40cbb8b525411900",
                "sha256:b91c037585eba9095565a3556f611e3cbfaa42ca1e865f7b8015fe5c7336d5a5",
                "sha256:bc1667f8b83f48511b94671e0e441401371dfd0f0a795c7daa4a3cd1dde55bea",
                "sha256:bec0a414d016ac1a18862a519e54b2fd0fc8bbfd6890376898a6c0891dd82e9f",
                "sha256:bf50cd79a75d181c9181df03572cdce0fbb75cc353bc350712073108cba98de5",
                "sha256:bff1b4290a66b490a2f4719358c0cdcd9bafb6b8f061e45c7a2460866bf50c2e",
                "sha256:c061bb86a71b42465156a3ee7bd58c8c2ceacdbeb95d05a99893e08b8467359a",
                "sha256:c8b29db45f8fe46ad280a7294f5c3ec36dbac9491f2d1c17345be8e69cc5928f",
                "sha256:ce409136744f6521e39fd8e2a24c53fa18ad67aa5bc7c2cf83645cce5b5c4e50",
                "sha256:d050b3361367a06d752db6ead6e7edeb0009be66bc3bae0ee9d97fb326badc2a",
                "sha256:d283d37a890ba4c1ae73ffadf8046435c76e7bc2247bbb63c00bd1a709c6544b",
                "sha256:d9fad5155d72433c921b782e58892377c44bd6252b5af2f67f16b194987338a4",
                "sha256:daa4ee5a243f0f20d528d939d06670a298dd39b1ad5f8a72a4275124a7819eff",
                "sha256:db0b55e0f3cc0be60c1f19efdde9a637c32740486004f20d1cff53c3c0ece4d2",
                "sha256:e61659ba32cf2cf1481e575d0462554625196a1f2fc06a1c777d3f48e8865d46",
                "sha256:ea3d8a3d18833cf4304cd2fc9cbb1efe188ca9b5efef2bdac7adc20594a0e46b",
                "sha256:ec6a563cff360b50eed26f13adc43e61bc0c04d94b8be985e6fb24b81f6dcfdf",
                "sha256:f5dfb42c4604dddc8e4305050aa6deb084540643ed5804d7455b5df8fe16f5e5",
                "sha256:fa173ec60341d6bb97a89f5ea19c85c5643c1e7dedebc22f5181eb73573142c5",
                "sha256:fa9db3f79de01457b03d4f01b34cf91bc0048eb2c3846ff26f66687c2f6d16ab",
                "sha256:fce659a462a1be54d2ffcacea5e3ba2d74daa74f30f5f143fe0c58636e355fdd",
                "sha256:ffee1f21e5ef0d712f9033568f8344d5da8cc2869dbd08d87c84656e6a2d2f68"
            ],
            "markers": "python_version >= '3.7'",
            "version": "==2.1.5"
        },
        "numpy": {
            "hashes": [
                "sha256:03a8c78d01d9781b28a6989f6fa1bb2c4f2d51201cf99d3dd875df6fbd96b23b",
                "sha256:08beddf13648eb95f8d867350f6a018a4be2e5ad54c8d8caed89ebca558b2818",
                "sha256:1af303d6b2210eb850fcf03064d364652b7120803a0b872f5211f5234b399f20",
                "sha256:1dda2e7b4ec9dd512f84935c5f126c8bd8b9f2fc001e9f54af255e8c5f16b0e0",
                "sha256:2a02aba9ed12e4ac4eb3ea9421c420301a0c6460d9830d74a9df87efa4912010",
                "sha256:2e4ee3380d6de9c9ec04745830fd9e2eccb3e6cf790d39d7b98ffd19b0dd754a",
                "sha256:3373d5d70a5fe74a2c1bb6d2cfd9609ecf686d47a2d7b1d37a8f3b6bf6003aea",
                "sha256:47711010ad8555514b434df65f7d7b076bb8261df1ca9bb78f53d3b2db02e95c",
                "sha256:4c66707fabe114439db9068ee468c26bbdf909cac0fb58686a42a24de1760c71",
                "sha256:50193e430acfc1346175fcbdaa28ffec49947a06918b7b92130744e81e640110",
                "sha256:52b8b60467cd7dd1e9ed082188b4e6bb35aa5cdd01777621a1658910745b90be",
                "sha256:60dedbb91afcbfdc9bc0b1f3f402804070deed7392c23eb7a7f07fa857868e8a",
                "sha256:62b8e4b1e28009ef2846b4c7852046736bab361f7aeadeb6a5b89ebec3c7055a",
                "sha256:666dbfb6ec68962c033a450943ded891bed2d54e6755e35e5835d63f4f6931d5",
                "sha256:675d61ffbfa78604709862923189bad94014bef562cc35cf61d3a07bba02a7ed",
                "sha256:679b0076f67ecc0138fd2ede3a8fd196dddc2ad3254069bcb9faf9a79b1cebcd",
                "sha256:7349ab0fa0c429c82442a27a9673fc802ffdb7c7775fad780226cb234965e53c",
                "sha256:7ab55401287bfec946ced39700c053796e7cc0e3acbef09993a9ad2adba6ca6e",
                "sha256:7e50d0a0cc3189f9cb0aeb3a6a6af18c16f59f004b866cd2be1c14b36134a4a0",
                "sha256:95a7476c59002f2f6c590b9b7b998306fba6a5aa646b1e22ddfeaf8f78c3a29c",
                "sha256:96ff0b2ad353d8f990b63294c8986f1ec3cb19d749234014f4e7eb0112ceba5a",
                "sha256:9fad7dcb1aac3c7f0584a5a8133e3a43eeb2fe127f47e3632d43d677c66c102b",
                "sha256:9ff0f4f29c51e2803569d7a51c2304de5554655a60c5d776e35b4a41413830d0",
                "sha256:a354325ee03388678242a4d7ebcd08b5c727033fcff3b2f536aea978e15ee9e6",
                "sha256:a4abb4f9001ad2858e7ac189089c42178fcce737e4169dc61321660f1a96c7d2",
                "sha256:ab47dbe5cc8210f55aa58e4805fe224dac469cde56b9f731a4c098b91917159a",
                "sha256:afedb719a9dcfc7eaf2287b839d8198e06dcd4cb5d276a3df279231138e83d30",
                "sha256:b3ce300f3644fb06443ee2222c2201dd3a89ea6040541412b8fa189341847218",
                "sha256:b97fe8060236edf3662adfc2c633f56a08ae30560c56310562cb4f95500022d5",
                "sha256:bfe25acf8b437eb2a8b2d49d443800a5f18508cd811fea3181723922a8a82b07",
                "sha256:cd25bcecc4974d09257ffcd1f098ee778f7834c3ad767fe5db785be9a4aa9cb2",
                "sha256:d209d8969599b27ad20994c8e41936ee0964e6da07478d6c35016bc386b66ad4",
                "sha256:d5241e0a80d808d70546c697135da2c613f30e28251ff8307eb72ba696945764",
                "sha256:edd8b5fe47dab091176d21bb6de568acdd906d1887a4584a15a9a96a1dca06ef",
                "sha256:f870204a840a60da0b12273ef34f7051e98c3b5961b61b0c2c1be6dfd64fbcd3",
                "sha256:ffa75af20b44f8dba823498024771d5ac50620e6915abac414251bd971b4529f"
            ],
            "index": "pypi",
            "markers": "python_version >= '3.9'",
            "version": "==1.26.4"
        },
        "orjson": {
            "hashes": [
                "sha256:115498c4ad34188dcb73464e8dc80e490a3e5e88a925907b6fedcf20e545001a",
                "sha256:13b5d3c795b09a466ec9fcf0bd3ad7b85467d91a60113885df7b8d639a9d374b",
                "sha256:175a41500ebb2fdf320bf78e8b9a75a1279525b62ba400b2b2444e274c2c8bee",
                "sha256:1897aa25a944cec774ce4a0e1c8e98fb50523e97366c637b7d0cddabc42e6643",
                "sha256:1bef1050b1bdc9ea6c0d08468e3e61c9386723633b397e50b82fda37b3563d72",
                "sha256:1de3fd5c7b208d836f8ecb4526995f0d5877153a4f6f12f3e9bf11e49357de98",
                "sha256:22c2f7e377ac757bd3476ecb7480c8ed79d98ef89648f0176deb1da5cd014eb7",
                "sha256:237ba922aef472761acd697eef77fef4831ab769a42e83c04ac91e9f9e08fa0e",
                "sha256:23c12bb4ced1c3308eff7ba5c63ef8f0edb3e4c43c026440247dd6c1c61cea4b",
                "sha256:30707e646080dd3c791f22ce7e4a2fc2438765408547c10510f1f690bd336217",
                "sha256:30d795a24be16c03dca0c35ca8f9c8eaaa51e3342f2c162d327bd0225118794a",
                "sha256:33e6655a2542195d6fd9f850b428926559dee382f7a862dae92ca97fea03a5ad",
                "sha256:400c5b7c4222cb27b5059adf1fb12302eebcabf1978f33d0824aa5277ca899bd",
                "sha256:4050920e831a49d8782a1720d3ca2f1c49b150953667eed6e5d63a62e80f46a2",
                "sha256:414e5293b82373606acf0d66313aecb52d9c8c2404b1900683eb32c3d042dbd7",
                "sha256:4251964db47ef090c462a2d909f16c7c7d5fe68e341dabce6702879ec26d1134",
                "sha256:4329c1d24fd130ee377e32a72dc54a3c251e6706fccd9a2ecb91b3606fddd998",
                "sha256:47af5d4b850a2d1328660661f0881b67fdbe712aea905dadd413bdea6f792c33",
                "sha256:5127478260db640323cea131ee88541cb1a9fbce051f0b22fa2f0892f44da302",
                "sha256:57d017863ec8aa4589be30a328dacd13c2dc49de1c170bc8d8c8a98ece0f2925",
                "sha256:5d42768db6f2ce0162544845facb7c081e9364a5eb6d2ef06cd17f6050b048d8",
                "sha256:5dcb32e949eae80fb335e63b90e5808b4b0f64e31476b3777707416b41682db5",
                "sha256:60c0b1bdbccd959ebd1575bd0147bd5e10fc76f26216188be4a36b691c937077",
                "sha256:658ca5cee3379dd3d37dbacd43d42c1b4feee99a29d847ef27a1cb18abdfb23f",
                "sha256:6735dd4a5a7b6df00a87d1d7a02b84b54d215fb7adac50dd24da5997ffb4798d",
                "sha256:6a3f53dc650bc860eb26ec293dfb489b2f6ae1cbfc409a127b01229980e372f7",
                "sha256:73bbbdc43d520204d9ef0817ac03fa49c103c7f9ea94f410d2950755be2c349c",
                "sha256:8acd4b82a5f3a3ec8b1dc83452941d22b4711964c34727eb1e65449eead353ca",
                "sha256:90bfc137c75c31d32308fd61951d424424426ddc39a40e367704661a9ee97095",
                "sha256:9587053e0cefc284e4d1cd113c34468b7d3f17666d22b185ea654f0775316a26",
                "sha256:983db1f87c371dc6ffc52931eb75f9fe17dc621273e43ce67bee407d3e5476e9",
                "sha256:98c1bfc6a9bec52bc8f0ab9b86cc0874b0299fccef3562b793c1576cf3abb570",
                "sha256:9a667769a96a72ca67237224a36faf57db0c82ab07d09c3aafc6f956196cfa1b",
                "sha256:9bf565a69e0082ea348c5657401acec3cbbb31564d89afebaee884614fba36b4",
                "sha256:aa7d507c7493252c0a0264b5cc7e20fa2f8622b8a83b04d819b5ce32c97cf57b",
                "sha256:ade1e21dfde1d37feee8cf6464c20a2f41fa46c8bcd5251e761903e46102dc6b",
                "sha256:b2d014cf8d4dc9f03fc9f870de191a49a03b1bcda51f2a957943fb9fafe55aac",
                "sha256:b6ebc17cfbbf741f5c1a888d1854354536f63d84bee537c9a7c0335791bb9009",
                "sha256:b98345529bafe3c06c09996b303fc0a21961820d634409b8639bc16bd4f21b63",
                "sha256:ba4d8cac5f2e2cff36bea6b6481cdb92b38c202bcec603d6f5ff91960595a1ed",
                "sha256:c4f60db24161534764277f798ef53b9d3063092f6d23f8f962b4a97edfa997a0",
                "sha256:c90681333619d78360d13840c7235fdaf01b2b129cb3a4f1647783b1971542b6",
                "sha256:cd583341218826f48bd7c6ebf3310b4126216920853cbc471e8dbeaf07b0b80e",
                "sha256:d16c6963ddf3b28c0d461641517cd312ad6b3cf303d8b87d5ef3fa59d6844337",
                "sha256:d2817877d0b69f78f146ab305c5975d0618df41acf8811249ee64231f5953fee",
                "sha256:e286a51def6626f1e0cc134ba2067dcf14f7f4b9550f6dd4535fd9d79000040b",
                "sha256:e62ba42bfe64c60c1bc84799944f80704e996592c6b9e14789c8e2a303279912",
                "sha256:eadecaa16d9783affca33597781328e4981b048615c2ddc31c47a51b833d6319",
                "sha256:ef0f19fdfb6553342b1882f438afd53c7cb7aea57894c4490c43e4431739c700",
                "sha256:f93e33f67729d460a177ba285002035d3f11425ed3cebac5f6ded4ef36b28344",
                "sha256:feaed5bb09877dc27ed0d37f037ddef6cb76d19aa34b108db270d27d3d2ef747"
            ],
            "index": "pypi",
            "markers": "python_version >= '3.8'",
            "version": "==3.10.0"
        },
        "packaging": {
            "hashes": [
                "sha256:2ddfb553fdf02fb784c234c7ba6ccc288296ceabec964ad2eae3777778130bc5",
                "sha256:eb82c5e3e56209074766e6885bb04b8c38a0c015d0a30036ebe7ece34c9989e9"
            ],
            "markers": "python_version >= '3.7'",
            "version": "==24.0"
        },
        "pandas": {
            "hashes": [
                "sha256:00028e6737c594feac3c2df15636d73ace46b8314d236100b57ed7e4b9ebe8d9",
                "sha256:0aa6e92e639da0d6e2017d9ccff563222f4eb31e4b2c3cf32a2a392fc3103c0d",
                "sha256:1ebfd771110b50055712b3b711b51bee5d50135429364d0498e1213a7adc2be8",
                "sha256:294d96cfaf28d688f30c918a765ea2ae2e0e71d3536754f4b6de0ea4a496d034",
                "sha256:3f06bda01a143020bad20f7a85dd5f4a1600112145f126bc9e3e42077c24ef34",
                "sha256:426dc0f1b187523c4db06f96fb5c8d1a845e259c99bda74f7de97bd8a3bb3139",
                "sha256:45d63d2a9b1b37fa6c84a68ba2422dc9ed018bdaa668c7f47566a01188ceeec1",
                "sha256:482d5076e1791777e1571f2e2d789e940dedd927325cc3cb6d0800c6304082f6",
                "sha256:6b728fb8deba8905b319f96447a27033969f3ea1fea09d07d296c9030ab2ed1d",
                "sha256:8a706cfe7955c4ca59af8c7a0517370eafbd98593155b48f10f9811da440248b",
                "sha256:8ea107e0be2aba1da619cc6ba3f999b2bfc9669a83554b1904ce3dd9507f0860",
                "sha256:ab5796839eb1fd62a39eec2916d3e979ec3130509930fea17fe6f81e18108f6a",
                "sha256:b0513a132a15977b4a5b89aabd304647919bc2169eac4c8536afb29c07c23540",
                "sha256:b7d852d16c270e4331f6f59b3e9aa23f935f5c4b0ed2d0bc77637a8890a5d092",
                "sha256:bd7d5f2f54f78164b3d7a40f33bf79a74cdee72c31affec86bfcabe7e0789821",
                "sha256:bdec823dc6ec53f7a6339a0e34c68b144a7a1fd28d80c260534c39c62c5bf8c9",
                "sha256:d2d3e7b00f703aea3945995ee63375c61b2e6aa5aa7871c5d622870e5e137623",
                "sha256:d65148b14788b3758daf57bf42725caa536575da2b64df9964c563b015230984",
                "sha256:d797591b6846b9db79e65dc2d0d48e61f7db8d10b2a9480b4e3faaddc421a171",
                "sha256:dc9bf7ade01143cddc0074aa6995edd05323974e6e40d9dbde081021ded8510e",
                "sha256:e9f17f2b6fc076b2a0078862547595d66244db0f41bf79fc5f64a5c4d635bead",
                "sha256:edbaf9e8d3a63a9276d707b4d25930a262341bca9874fcb22eff5e3da5394732",
                "sha256:f237e6ca6421265643608813ce9793610ad09b40154a3344a088159590469e46",
                "sha256:f69b0c9bb174a2342818d3e2778584e18c740d56857fc5cdb944ec8bbe4082cf",
                "sha256:fcb68203c833cc735321512e13861358079a96c174a61f5116a1de89c58c0ef7"
            ],
            "index": "pypi",
            "markers": "python_version >= '3.9'",
            "version": "==2.1.4"
        },
        "psutil": {
            "hashes": [
                "sha256:02615ed8c5ea222323408ceba16c60e99c3f91639b07da6373fb7e6539abc56d",
                "sha256:05806de88103b25903dff19bb6692bd2e714ccf9e668d050d144012055cbca73",
                "sha256:26bd09967ae00920df88e0352a91cff1a78f8d69b3ecabbfe733610c0af486c8",
                "sha256:27cc40c3493bb10de1be4b3f07cae4c010ce715290a5be22b98493509c6299e2",
                "sha256:36f435891adb138ed3c9e58c6af3e2e6ca9ac2f365efe1f9cfef2794e6c93b4e",
                "sha256:50187900d73c1381ba1454cf40308c2bf6f34268518b3f36a9b663ca87e65e36",
                "sha256:611052c4bc70432ec770d5d54f64206aa7203a101ec273a0cd82418c86503bb7",
                "sha256:6be126e3225486dff286a8fb9a06246a5253f4c7c53b475ea5f5ac934e64194c",
                "sha256:7d79560ad97af658a0f6adfef8b834b53f64746d45b403f225b85c5c2c140eee",
                "sha256:8cb6403ce6d8e047495a701dc7c5bd788add903f8986d523e3e20b98b733e421",
                "sha256:8db4c1b57507eef143a15a6884ca10f7c73876cdf5d51e713151c1236a0e68cf",
                "sha256:aee678c8720623dc456fa20659af736241f575d79429a0e5e9cf88ae0605cc81",
                "sha256:bc56c2a1b0d15aa3eaa5a60c9f3f8e3e565303b465dbf57a1b730e7a2b9844e0",
                "sha256:bd1184ceb3f87651a67b2708d4c3338e9b10c5df903f2e3776b62303b26cb631",
                "sha256:d06016f7f8625a1825ba3732081d77c94589dca78b7a3fc072194851e88461a4",
                "sha256:d16bbddf0693323b8c6123dd804100241da461e41d6e332fb0ba6058f630f8c8"
            ],
            "index": "pypi",
            "markers": "python_version >= '2.7' and python_version not in '3.0, 3.1, 3.2, 3.3, 3.4, 3.5'",
            "version": "==5.9.8"
        },
        "ptyprocess": {
            "hashes": [
                "sha256:4b41f3967fce3af57cc7e94b888626c18bf37a083e3651ca8feeb66d492fef35",
                "sha256:5c5d0a3b48ceee0b48485e0c26037c0acd7d29765ca3fbb5cb3831d347423220"
            ],
            "index": "pypi",
            "version": "==0.7.0"
        },
        "py4j": {
            "hashes": [
                "sha256:0b6e5315bb3ada5cf62ac651d107bb2ebc02def3dee9d9548e3baac644ea8dbb",
                "sha256:85defdfd2b2376eb3abf5ca6474b51ab7e0de341c75a02f46dc9b5976f5a5c1b"
            ],
            "version": "==0.10.9.7"
        },
        "pyarrow": {
            "hashes": [
                "sha256:00a1dcb22ad4ceb8af87f7bd30cc3354788776c417f493089e0a0af981bc8d80",
                "sha256:1ab8b9050752b16a8b53fcd9853bf07d8daf19093533e990085168f40c64d978",
                "sha256:20ce707d9aa390593ea93218b19d0eadab56390311cb87aad32c9a869b0e958c",
                "sha256:22a1fdb1254e5095d629e29cd1ea98ed04b4bbfd8e42cc670a6b639ccc208b60",
                "sha256:266ddb7e823f03733c15adc8b5078db2df6980f9aa93d6bb57ece615df4e0ba7",
                "sha256:2a7abdee4a4a7cfa239e2e8d721224c4b34ffe69a0ca7981354fe03c1328789b",
                "sha256:35692ce8ad0b8c666aa60f83950957096d92f2a9d8d7deda93fb835e6053307e",
                "sha256:3c2f5e239db7ed43e0ad2baf46a6465f89c824cc703f38ef0fde927d8e0955f7",
                "sha256:42e56557bc7c5c10d3e42c3b32f6cff649a29d637e8f4e8b311d334cc4326730",
                "sha256:5448564754c154997bc09e95a44b81b9e31ae918a86c0fcb35c4aa4922756f55",
                "sha256:56850a0afe9ef37249d5387355449c0f94d12ff7994af88f16803a26d38f2016",
                "sha256:574a00260a4ed9d118a14770edbd440b848fcae5a3024128be9d0274dbcaf858",
                "sha256:5823275c8addbbb50cd4e6a6839952682a33255b447277e37a6f518d6972f4e1",
                "sha256:59bb1f1edbbf4114c72415f039f1359f1a57d166a331c3229788ccbfbb31689a",
                "sha256:5cc23090224b6594f5a92d26ad47465af47c1d9c079dd4a0061ae39551889efe",
                "sha256:705db70d3e2293c2f6f8e84874b5b775f690465798f66e94bb2c07bab0a6bb55",
                "sha256:71d52561cd7aefd22cf52538f262850b0cc9e4ec50af2aaa601da3a16ef48877",
                "sha256:729f7b262aa620c9df8b9967db96c1575e4cfc8c25d078a06968e527b8d6ec05",
                "sha256:91d28f9a40f1264eab2af7905a4d95320ac2f287891e9c8b0035f264fe3c3a4b",
                "sha256:99af421ee451a78884d7faea23816c429e263bd3618b22d38e7992c9ce2a7ad9",
                "sha256:9dd3151d098e56f16a8389c1247137f9e4c22720b01c6f3aa6dec29a99b74d80",
                "sha256:b93c9a50b965ee0bf4fef65e53b758a7e8dcc0c2d86cebcc037aaaf1b306ecc0",
                "sha256:bd40467bdb3cbaf2044ed7a6f7f251c8f941c8b31275aaaf88e746c4f3ca4a7a",
                "sha256:c0815d0ddb733b8c1b53a05827a91f1b8bde6240f3b20bf9ba5d650eb9b89cdf",
                "sha256:cc8814310486f2a73c661ba8354540f17eef51e1b6dd090b93e3419d3a097b3a",
                "sha256:d22d0941e6c7bafddf5f4c0662e46f2075850f1c044bf1a03150dd9e189427ce",
                "sha256:d831690844706e374c455fba2fb8cfcb7b797bfe53ceda4b54334316e1ac4fa4",
                "sha256:d91073d1e2fef2c121154680e2ba7e35ecf8d4969cc0af1fa6f14a8675858159",
                "sha256:dd9334a07b6dc21afe0857aa31842365a62eca664e415a3f9536e3a8bb832c07",
                "sha256:df0080339387b5d30de31e0a149c0c11a827a10c82f0c67d9afae3981d1aabb7",
                "sha256:ed66e5217b4526fa3585b5e39b0b82f501b88a10d36bd0d2a4d8aa7b5a48e2df",
                "sha256:edf38cce0bf0dcf726e074159c60516447e4474904c0033f018c1f33d7dac6c5",
                "sha256:ef2f309b68396bcc5a354106741d333494d6a0d3e1951271849787109f0229a6",
                "sha256:f293e92d1db251447cb028ae12f7bc47526e4649c3a9924c8376cab4ad6b98bd",
                "sha256:fb8065dbc0d051bf2ae2453af0484d99a43135cadabacf0af588a3be81fbbb9b",
                "sha256:fda9a7cebd1b1d46c97b511f60f73a5b766a6de4c5236f144f41a5d5afec1f35"
            ],
            "index": "pypi",
            "markers": "python_version >= '3.8'",
            "version": "==16.0.0"
        },
        "pycparser": {
            "hashes": [
                "sha256:8ee45429555515e1f6b185e78100aea234072576aa43ab53aefcae078162fca9",
                "sha256:e644fdec12f7872f86c58ff790da456218b10f863970249516d60a5eaca77206"
            ],
            "index": "pypi",
            "version": "==2.21"
        },
        "pydeck": {
            "hashes": [
                "sha256:79ab96b68c457f4f65cc8be2a3259b4601fc09fffff34a98790b2a0b1d32d913",
                "sha256:7bfbf98d14e534eda1cc84aea6b3eb5addbe7b244a559250c356033b6d2d7b1d"
            ],
            "index": "pypi",
            "markers": "python_version >= '3.8'",
            "version": "==0.9.0b0"
        },
        "pyspark": {
            "hashes": [
                "sha256:dd6569e547365eadc4f887bf57f153e4d582a68c4b490de475d55b9981664910"
            ],
            "index": "pypi",
            "markers": "python_version >= '3.8'",
            "version": "==3.5.1"
        },
        "python-dateutil": {
            "hashes": [
                "sha256:37dd54208da7e1cd875388217d5e00ebd4179249f90fb72437e91a35459a0ad3",
                "sha256:a8b2bc7bffae282281c8140a97d3aa9c14da0b136dfe83f850eea9a5f7470427"
            ],
            "markers": "python_version >= '2.7' and python_version not in '3.0, 3.1, 3.2, 3.3'",
            "version": "==2.9.0.post0"
        },
        "pytz": {
            "hashes": [
                "sha256:2a29735ea9c18baf14b448846bde5a48030ed267578472d8955cd0e7443a9812",
                "sha256:328171f4e3623139da4983451950b28e95ac706e13f3f2630a879749e7a8b319"
            ],
            "version": "==2024.1"
        },
        "six": {
            "hashes": [
                "sha256:1e61c37477a1626458e36f7b1d82aa5c9b094fa4802892072e49de9c60c4c926",
                "sha256:8abb2f1d86890a2dfb989f9a77cfcfd3e47c2a354b01111771326f8aa26e0254"
            ],
            "markers": "python_version >= '2.7' and python_version not in '3.0, 3.1, 3.2, 3.3'",
            "version": "==1.16.0"
        },
        "tzdata": {
            "hashes": [
                "sha256:2674120f8d891909751c38abcdfd386ac0a5a1127954fbc332af6b5ceae07efd",
                "sha256:9068bc196136463f5245e51efda838afa15aaeca9903f49050dfa2679db4d252"
            ],
            "markers": "python_version >= '2'",
            "version": "==2024.1"
        }
    },
    "develop": {}
}
